
Microsoft Visual Studio Solution File, Format Version 12.00
# Visual Studio 15
VisualStudioVersion = 15.0.28307.852
MinimumVisualStudioVersion = 10.0.40219.1
Project("{FAE04EC0-301F-11D3-BF4B-00C04F79EFBC}") = "Conceptos", "Conceptos\Conceptos.csproj", "{F2B93690-48AD-44CB-AEB3-74309C0720D2}"
EndProject
Global
	GlobalSection(SolutionConfigurationPlatforms) = preSolution
		Debug|Any CPU = Debug|Any CPU
		Release|Any CPU = Release|Any CPU
	EndGlobalSection
	GlobalSection(ProjectConfigurationPlatforms) = postSolution
		{F2B93690-48AD-44CB-AEB3-74309C0720D2}.Debug|Any CPU.ActiveCfg = Debug|Any CPU
		{F2B93690-48AD-44CB-AEB3-74309C0720D2}.Debug|Any CPU.Build.0 = Debug|Any CPU
		{F2B93690-48AD-44CB-AEB3-74309C0720D2}.Release|Any CPU.ActiveCfg = Release|Any CPU
		{F2B93690-48AD-44CB-AEB3-74309C0720D2}.Release|Any CPU.Build.0 = Release|Any CPU
	EndGlobalSection
	GlobalSection(SolutionProperties) = preSolution
		HideSolutionNode = FALSE
	EndGlobalSection
	GlobalSection(ExtensibilityGlobals) = postSolution
		SolutionGuid = {6B5F1D27-293B-4018-ADA5-DE31D3627577}
	EndGlobalSection
EndGlobal
